// !$*UTF8*$!
{
	archiveVersion = 1;
	classes = {
	};
	objectVersion = 46;
	objects = {

/* Begin PBXBuildFile section */
		2D49463B1B5B41F900291430 /* MJFileListViewController.m in Sources */ = {isa = PBXBuildFile; fileRef = 2D49463A1B5B41F900291430 /* MJFileListViewController.m */; };
		2D49463E1B5B428200291430 /* MJFileCell.m in Sources */ = {isa = PBXBuildFile; fileRef = 2D49463D1B5B428200291430 /* MJFileCell.m */; };
		2D7109E91B56CE2E004F0C27 /* main.m in Sources */ = {isa = PBXBuildFile; fileRef = 2D7109E81B56CE2E004F0C27 /* main.m */; };
		2D7109EC1B56CE2E004F0C27 /* AppDelegate.m in Sources */ = {isa = PBXBuildFile; fileRef = 2D7109EB1B56CE2E004F0C27 /* AppDelegate.m */; };
		2D7109F21B56CE2E004F0C27 /* Main.storyboard in Resources */ = {isa = PBXBuildFile; fileRef = 2D7109F01B56CE2E004F0C27 /* Main.storyboard */; };
		2D7109F41B56CE2E004F0C27 /* Images.xcassets in Resources */ = {isa = PBXBuildFile; fileRef = 2D7109F31B56CE2E004F0C27 /* Images.xcassets */; };
		2D7109F71B56CE2E004F0C27 /* LaunchScreen.xib in Resources */ = {isa = PBXBuildFile; fileRef = 2D7109F51B56CE2E004F0C27 /* LaunchScreen.xib */; };
		2D710A031B56CE2E004F0C27 /* MJDownloadExampleTests.m in Sources */ = {isa = PBXBuildFile; fileRef = 2D710A021B56CE2E004F0C27 /* MJDownloadExampleTests.m */; };
		2DDF319B1B5B6DBA0039C3B6 /* MJProgressView.m in Sources */ = {isa = PBXBuildFile; fileRef = 2DDF319A1B5B6DBA0039C3B6 /* MJProgressView.m */; };
		2DDF31AF1B5B90CD0039C3B6 /* MJDownloadConst.m in Sources */ = {isa = PBXBuildFile; fileRef = 2DDF31AA1B5B90CD0039C3B6 /* MJDownloadConst.m */; };
		2DDF31B01B5B90CD0039C3B6 /* MJDownloadManager.m in Sources */ = {isa = PBXBuildFile; fileRef = 2DDF31AC1B5B90CD0039C3B6 /* MJDownloadManager.m */; };
		2DDF31B11B5B90CD0039C3B6 /* NSString+MJDownload.m in Sources */ = {isa = PBXBuildFile; fileRef = 2DDF31AE1B5B90CD0039C3B6 /* NSString+MJDownload.m */; };
/* End PBXBuildFile section */

/* Begin PBXContainerItemProxy section */
		2D7109FD1B56CE2E004F0C27 /* PBXContainerItemProxy */ = {
			isa = PBXContainerItemProxy;
			containerPortal = 2D7109DB1B56CE2E004F0C27 /* Project object */;
			proxyType = 1;
			remoteGlobalIDString = 2D7109E21B56CE2E004F0C27;
			remoteInfo = MJDownloadExample;
		};
/* End PBXContainerItemProxy section */

/* Begin PBXFileReference section */
		2D4946391B5B41F900291430 /* MJFileListViewController.h */ = {isa = PBXFileReference; fileEncoding = 4; lastKnownFileType = sourcecode.c.h; path = MJFileListViewController.h; sourceTree = "<group>"; };
		2D49463A1B5B41F900291430 /* MJFileListViewController.m */ = {isa = PBXFileReference; fileEncoding = 4; lastKnownFileType = sourcecode.c.objc; path = MJFileListViewController.m; sourceTree = "<group>"; };
		2D49463C1B5B428200291430 /* MJFileCell.h */ = {isa = PBXFileReference; fileEncoding = 4; lastKnownFileType = sourcecode.c.h; path = MJFileCell.h; sourceTree = "<group>"; };
		2D49463D1B5B428200291430 /* MJFileCell.m */ = {isa = PBXFileReference; fileEncoding = 4; lastKnownFileType = sourcecode.c.objc; path = MJFileCell.m; sourceTree = "<group>"; };
		2D7109E31B56CE2E004F0C27 /* MJDownloadExample.app */ = {isa = PBXFileReference; explicitFileType = wrapper.application; includeInIndex = 0; path = MJDownloadExample.app; sourceTree = BUILT_PRODUCTS_DIR; };
		2D7109E71B56CE2E004F0C27 /* Info.plist */ = {isa = PBXFileReference; lastKnownFileType = text.plist.xml; path = Info.plist; sourceTree = "<group>"; };
		2D7109E81B56CE2E004F0C27 /* main.m */ = {isa = PBXFileReference; lastKnownFileType = sourcecode.c.objc; path = main.m; sourceTree = "<group>"; };
		2D7109EA1B56CE2E004F0C27 /* AppDelegate.h */ = {isa = PBXFileReference; lastKnownFileType = sourcecode.c.h; path = AppDelegate.h; sourceTree = "<group>"; };
		2D7109EB1B56CE2E004F0C27 /* AppDelegate.m */ = {isa = PBXFileReference; lastKnownFileType = sourcecode.c.objc; path = AppDelegate.m; sourceTree = "<group>"; };
		2D7109F11B56CE2E004F0C27 /* Base */ = {isa = PBXFileReference; lastKnownFileType = file.storyboard; name = Base; path = Base.lproj/Main.storyboard; sourceTree = "<group>"; };
		2D7109F31B56CE2E004F0C27 /* Images.xcassets */ = {isa = PBXFileReference; lastKnownFileType = folder.assetcatalog; path = Images.xcassets; sourceTree = "<group>"; };
		2D7109F61B56CE2E004F0C27 /* Base */ = {isa = PBXFileReference; lastKnownFileType = file.xib; name = Base; path = Base.lproj/LaunchScreen.xib; sourceTree = "<group>"; };
		2D7109FC1B56CE2E004F0C27 /* MJDownloadExampleTests.xctest */ = {isa = PBXFileReference; explicitFileType = wrapper.cfbundle; includeInIndex = 0; path = MJDownloadExampleTests.xctest; sourceTree = BUILT_PRODUCTS_DIR; };
		2D710A011B56CE2E004F0C27 /* Info.plist */ = {isa = PBXFileReference; lastKnownFileType = text.plist.xml; path = Info.plist; sourceTree = "<group>"; };
		2D710A021B56CE2E004F0C27 /* MJDownloadExampleTests.m */ = {isa = PBXFileReference; lastKnownFileType = sourcecode.c.objc; path = MJDownloadExampleTests.m; sourceTree = "<group>"; };
		2DDF31991B5B6DBA0039C3B6 /* MJProgressView.h */ = {isa = PBXFileReference; fileEncoding = 4; lastKnownFileType = sourcecode.c.h; path = MJProgressView.h; sourceTree = "<group>"; };
		2DDF319A1B5B6DBA0039C3B6 /* MJProgressView.m */ = {isa = PBXFileReference; fileEncoding = 4; lastKnownFileType = sourcecode.c.objc; path = MJProgressView.m; sourceTree = "<group>"; };
		2DDF31A81B5B90CD0039C3B6 /* MJDownload.h */ = {isa = PBXFileReference; fileEncoding = 4; lastKnownFileType = sourcecode.c.h; path = MJDownload.h; sourceTree = "<group>"; };
		2DDF31A91B5B90CD0039C3B6 /* MJDownloadConst.h */ = {isa = PBXFileReference; fileEncoding = 4; lastKnownFileType = sourcecode.c.h; path = MJDownloadConst.h; sourceTree = "<group>"; };
		2DDF31AA1B5B90CD0039C3B6 /* MJDownloadConst.m */ = {isa = PBXFileReference; fileEncoding = 4; lastKnownFileType = sourcecode.c.objc; path = MJDownloadConst.m; sourceTree = "<group>"; };
		2DDF31AB1B5B90CD0039C3B6 /* MJDownloadManager.h */ = {isa = PBXFileReference; fileEncoding = 4; lastKnownFileType = sourcecode.c.h; path = MJDownloadManager.h; sourceTree = "<group>"; };
		2DDF31AC1B5B90CD0039C3B6 /* MJDownloadManager.m */ = {isa = PBXFileReference; fileEncoding = 4; lastKnownFileType = sourcecode.c.objc; path = MJDownloadManager.m; sourceTree = "<group>"; };
		2DDF31AD1B5B90CD0039C3B6 /* NSString+MJDownload.h */ = {isa = PBXFileReference; fileEncoding = 4; lastKnownFileType = sourcecode.c.h; path = "NSString+MJDownload.h"; sourceTree = "<group>"; };
		2DDF31AE1B5B90CD0039C3B6 /* NSString+MJDownload.m */ = {isa = PBXFileReference; fileEncoding = 4; lastKnownFileType = sourcecode.c.objc; path = "NSString+MJDownload.m"; sourceTree = "<group>"; };
/* End PBXFileReference section */

/* Begin PBXFrameworksBuildPhase section */
		2D7109E01B56CE2E004F0C27 /* Frameworks */ = {
			isa = PBXFrameworksBuildPhase;
			buildActionMask = 2147483647;
			files = (
			);
			runOnlyForDeploymentPostprocessing = 0;
		};
		2D7109F91B56CE2E004F0C27 /* Frameworks */ = {
			isa = PBXFrameworksBuildPhase;
			buildActionMask = 2147483647;
			files = (
			);
			runOnlyForDeploymentPostprocessing = 0;
		};
/* End PBXFrameworksBuildPhase section */

/* Begin PBXGroup section */
		2D4946381B5B41D100291430 /* Example */ = {
			isa = PBXGroup;
			children = (
				2D4946391B5B41F900291430 /* MJFileListViewController.h */,
				2D49463A1B5B41F900291430 /* MJFileListViewController.m */,
				2D49463C1B5B428200291430 /* MJFileCell.h */,
				2D49463D1B5B428200291430 /* MJFileCell.m */,
				2DDF31991B5B6DBA0039C3B6 /* MJProgressView.h */,
				2DDF319A1B5B6DBA0039C3B6 /* MJProgressView.m */,
			);
			name = Example;
			sourceTree = "<group>";
		};
		2D7109DA1B56CE2E004F0C27 = {
			isa = PBXGroup;
			children = (
				2D7109E51B56CE2E004F0C27 /* MJDownloadExample */,
				2D7109FF1B56CE2E004F0C27 /* MJDownloadExampleTests */,
				2D7109E41B56CE2E004F0C27 /* Products */,
			);
			sourceTree = "<group>";
		};
		2D7109E41B56CE2E004F0C27 /* Products */ = {
			isa = PBXGroup;
			children = (
				2D7109E31B56CE2E004F0C27 /* MJDownloadExample.app */,
				2D7109FC1B56CE2E004F0C27 /* MJDownloadExampleTests.xctest */,
			);
			name = Products;
			sourceTree = "<group>";
		};
		2D7109E51B56CE2E004F0C27 /* MJDownloadExample */ = {
			isa = PBXGroup;
			children = (
				2DDF31A71B5B90CD0039C3B6 /* MJDownload */,
				2D4946381B5B41D100291430 /* Example */,
				2D7109EA1B56CE2E004F0C27 /* AppDelegate.h */,
				2D7109EB1B56CE2E004F0C27 /* AppDelegate.m */,
				2D7109E61B56CE2E004F0C27 /* Supporting Files */,
			);
			path = MJDownloadExample;
			sourceTree = "<group>";
		};
		2D7109E61B56CE2E004F0C27 /* Supporting Files */ = {
			isa = PBXGroup;
			children = (
				2D7109F01B56CE2E004F0C27 /* Main.storyboard */,
				2D7109F31B56CE2E004F0C27 /* Images.xcassets */,
				2D7109F51B56CE2E004F0C27 /* LaunchScreen.xib */,
				2D7109E71B56CE2E004F0C27 /* Info.plist */,
				2D7109E81B56CE2E004F0C27 /* main.m */,
			);
			name = "Supporting Files";
			sourceTree = "<group>";
		};
		2D7109FF1B56CE2E004F0C27 /* MJDownloadExampleTests */ = {
			isa = PBXGroup;
			children = (
				2D710A021B56CE2E004F0C27 /* MJDownloadExampleTests.m */,
				2D710A001B56CE2E004F0C27 /* Supporting Files */,
			);
			path = MJDownloadExampleTests;
			sourceTree = "<group>";
		};
		2D710A001B56CE2E004F0C27 /* Supporting Files */ = {
			isa = PBXGroup;
			children = (
				2D710A011B56CE2E004F0C27 /* Info.plist */,
			);
			name = "Supporting Files";
			sourceTree = "<group>";
		};
		2DDF31A71B5B90CD0039C3B6 /* MJDownload */ = {
			isa = PBXGroup;
			children = (
				2DDF31A81B5B90CD0039C3B6 /* MJDownload.h */,
				2DDF31A91B5B90CD0039C3B6 /* MJDownloadConst.h */,
				2DDF31AA1B5B90CD0039C3B6 /* MJDownloadConst.m */,
				2DDF31AB1B5B90CD0039C3B6 /* MJDownloadManager.h */,
				2DDF31AC1B5B90CD0039C3B6 /* MJDownloadManager.m */,
				2DDF31AD1B5B90CD0039C3B6 /* NSString+MJDownload.h */,
				2DDF31AE1B5B90CD0039C3B6 /* NSString+MJDownload.m */,
			);
			name = MJDownload;
			path = ../../MJDownload;
			sourceTree = "<group>";
		};
/* End PBXGroup section */

/* Begin PBXNativeTarget section */
		2D7109E21B56CE2E004F0C27 /* MJDownloadExample */ = {
			isa = PBXNativeTarget;
			buildConfigurationList = 2D710A061B56CE2E004F0C27 /* Build configuration list for PBXNativeTarget "MJDownloadExample" */;
			buildPhases = (
				2D7109DF1B56CE2E004F0C27 /* Sources */,
				2D7109E01B56CE2E004F0C27 /* Frameworks */,
				2D7109E11B56CE2E004F0C27 /* Resources */,
			);
			buildRules = (
			);
			dependencies = (
			);
			name = MJDownloadExample;
			productName = MJDownloadExample;
			productReference = 2D7109E31B56CE2E004F0C27 /* MJDownloadExample.app */;
			productType = "com.apple.product-type.application";
		};
		2D7109FB1B56CE2E004F0C27 /* MJDownloadExampleTests */ = {
			isa = PBXNativeTarget;
			buildConfigurationList = 2D710A091B56CE2E004F0C27 /* Build configuration list for PBXNativeTarget "MJDownloadExampleTests" */;
			buildPhases = (
				2D7109F81B56CE2E004F0C27 /* Sources */,
				2D7109F91B56CE2E004F0C27 /* Frameworks */,
				2D7109FA1B56CE2E004F0C27 /* Resources */,
			);
			buildRules = (
			);
			dependencies = (
				2D7109FE1B56CE2E004F0C27 /* PBXTargetDependency */,
			);
			name = MJDownloadExampleTests;
			productName = MJDownloadExampleTests;
			productReference = 2D7109FC1B56CE2E004F0C27 /* MJDownloadExampleTests.xctest */;
			productType = "com.apple.product-type.bundle.unit-test";
		};
/* End PBXNativeTarget section */

/* Begin PBXProject section */
		2D7109DB1B56CE2E004F0C27 /* Project object */ = {
			isa = PBXProject;
			attributes = {
				CLASSPREFIX = MJ;
				LastUpgradeCheck = 0640;
				ORGANIZATIONNAME = "小码哥";
				TargetAttributes = {
					2D7109E21B56CE2E004F0C27 = {
						CreatedOnToolsVersion = 6.4;
					};
					2D7109FB1B56CE2E004F0C27 = {
						CreatedOnToolsVersion = 6.4;
						TestTargetID = 2D7109E21B56CE2E004F0C27;
					};
				};
			};
			buildConfigurationList = 2D7109DE1B56CE2E004F0C27 /* Build configuration list for PBXProject "MJDownloadExample" */;
			compatibilityVersion = "Xcode 3.2";
			developmentRegion = English;
			hasScannedForEncodings = 0;
			knownRegions = (
				en,
				Base,
			);
			mainGroup = 2D7109DA1B56CE2E004F0C27;
			productRefGroup = 2D7109E41B56CE2E004F0C27 /* Products */;
			projectDirPath = "";
			projectRoot = "";
			targets = (
				2D7109E21B56CE2E004F0C27 /* MJDownloadExample */,
				2D7109FB1B56CE2E004F0C27 /* MJDownloadExampleTests */,
			);
		};
/* End PBXProject section */

/* Begin PBXResourcesBuildPhase section */
		2D7109E11B56CE2E004F0C27 /* Resources */ = {
			isa = PBXResourcesBuildPhase;
			buildActionMask = 2147483647;
			files = (
				2D7109F21B56CE2E004F0C27 /* Main.storyboard in Resources */,
				2D7109F71B56CE2E004F0C27 /* LaunchScreen.xib in Resources */,
				2D7109F41B56CE2E004F0C27 /* Images.xcassets in Resources */,
			);
			runOnlyForDeploymentPostprocessing = 0;
		};
		2D7109FA1B56CE2E004F0C27 /* Resources */ = {
			isa = PBXResourcesBuildPhase;
			buildActionMask = 2147483647;
			files = (
			);
			runOnlyForDeploymentPostprocessing = 0;
		};
/* End PBXResourcesBuildPhase section */

/* Begin PBXSourcesBuildPhase section */
		2D7109DF1B56CE2E004F0C27 /* Sources */ = {
			isa = PBXSourcesBuildPhase;
			buildActionMask = 2147483647;
			files = (
				2D7109EC1B56CE2E004F0C27 /* AppDelegate.m in Sources */,
				2DDF319B1B5B6DBA0039C3B6 /* MJProgressView.m in Sources */,
				2DDF31B11B5B90CD0039C3B6 /* NSString+MJDownload.m in Sources */,
				2D49463B1B5B41F900291430 /* MJFileListViewController.m in Sources */,
				2D7109E91B56CE2E004F0C27 /* main.m in Sources */,
				2DDF31B01B5B90CD0039C3B6 /* MJDownloadManager.m in Sources */,
				2DDF31AF1B5B90CD0039C3B6 /* MJDownloadConst.m in Sources */,
				2D49463E1B5B428200291430 /* MJFileCell.m in Sources */,
			);
			runOnlyForDeploymentPostprocessing = 0;
		};
		2D7109F81B56CE2E004F0C27 /* Sources */ = {
			isa = PBXSourcesBuildPhase;
			buildActionMask = 2147483647;
			files = (
				2D710A031B56CE2E004F0C27 /* MJDownloadExampleTests.m in Sources */,
			);
			runOnlyForDeploymentPostprocessing = 0;
		};
/* End PBXSourcesBuildPhase section */

/* Begin PBXTargetDependency section */
		2D7109FE1B56CE2E004F0C27 /* PBXTargetDependency */ = {
			isa = PBXTargetDependency;
			target = 2D7109E21B56CE2E004F0C27 /* MJDownloadExample */;
			targetProxy = 2D7109FD1B56CE2E004F0C27 /* PBXContainerItemProxy */;
		};
/* End PBXTargetDependency section */

/* Begin PBXVariantGroup section */
		2D7109F01B56CE2E004F0C27 /* Main.storyboard */ = {
			isa = PBXVariantGroup;
			children = (
				2D7109F11B56CE2E004F0C27 /* Base */,
			);
			name = Main.storyboard;
			sourceTree = "<group>";
		};
		2D7109F51B56CE2E004F0C27 /* LaunchScreen.xib */ = {
			isa = PBXVariantGroup;
			children = (
				2D7109F61B56CE2E004F0C27 /* Base */,
			);
			name = LaunchScreen.xib;
			sourceTree = "<group>";
		};
/* End PBXVariantGroup section */

/* Begin XCBuildConfiguration section */
		2D710A041B56CE2E004F0C27 /* Debug */ = {
			isa = XCBuildConfiguration;
			buildSettings = {
				ALWAYS_SEARCH_USER_PATHS = NO;
				CLANG_CXX_LANGUAGE_STANDARD = "gnu++0x";
				CLANG_CXX_LIBRARY = "libc++";
				CLANG_ENABLE_MODULES = YES;
				CLANG_ENABLE_OBJC_ARC = YES;
				CLANG_WARN_BOOL_CONVERSION = YES;
				CLANG_WARN_CONSTANT_CONVERSION = YES;
				CLANG_WARN_DIRECT_OBJC_ISA_USAGE = YES_ERROR;
				CLANG_WARN_EMPTY_BODY = YES;
				CLANG_WARN_ENUM_CONVERSION = YES;
				CLANG_WARN_INT_CONVERSION = YES;
				CLANG_WARN_OBJC_ROOT_CLASS = YES_ERROR;
				CLANG_WARN_UNREACHABLE_CODE = YES;
				CLANG_WARN__DUPLICATE_METHOD_MATCH = YES;
				"CODE_SIGN_IDENTITY[sdk=iphoneos*]" = "iPhone Developer";
				COPY_PHASE_STRIP = NO;
				DEBUG_INFORMATION_FORMAT = "dwarf-with-dsym";
				ENABLE_STRICT_OBJC_MSGSEND = YES;
				GCC_C_LANGUAGE_STANDARD = gnu99;
				GCC_DYNAMIC_NO_PIC = NO;
				GCC_NO_COMMON_BLOCKS = YES;
				GCC_OPTIMIZATION_LEVEL = 0;
				GCC_PREPROCESSOR_DEFINITIONS = (
					"DEBUG=1",
					"$(inherited)",
				);
				GCC_SYMBOLS_PRIVATE_EXTERN = NO;
				GCC_WARN_64_TO_32_BIT_CONVERSION = YES;
				GCC_WARN_ABOUT_RETURN_TYPE = YES_ERROR;
				GCC_WARN_UNDECLARED_SELECTOR = YES;
				GCC_WARN_UNINITIALIZED_AUTOS = YES_AGGRESSIVE;
				GCC_WARN_UNUSED_FUNCTION = YES;
				GCC_WARN_UNUSED_VARIABLE = YES;
				IPHONEOS_DEPLOYMENT_TARGET = 8.4;
				MTL_ENABLE_DEBUG_INFO = YES;
				ONLY_ACTIVE_ARCH = YES;
				SDKROOT = iphoneos;
			};
			name = Debug;
		};
		2D710A051B56CE2E004F0C27 /* Release */ = {
			isa = XCBuildConfiguration;
			buildSettings = {
				ALWAYS_SEARCH_USER_PATHS = NO;
				CLANG_CXX_LANGUAGE_STANDARD = "gnu++0x";
				CLANG_CXX_LIBRARY = "libc++";
				CLANG_ENABLE_MODULES = YES;
				CLANG_ENABLE_OBJC_ARC = YES;
				CLANG_WARN_BOOL_CONVERSION = YES;
				CLANG_WARN_CONSTANT_CONVERSION = YES;
				CLANG_WARN_DIRECT_OBJC_ISA_USAGE = YES_ERROR;
				CLANG_WARN_EMPTY_BODY = YES;
				CLANG_WARN_ENUM_CONVERSION = YES;
				CLANG_WARN_INT_CONVERSION = YES;
				CLANG_WARN_OBJC_ROOT_CLASS = YES_ERROR;
				CLANG_WARN_UNREACHABLE_CODE = YES;
				CLANG_WARN__DUPLICATE_METHOD_MATCH = YES;
				"CODE_SIGN_IDENTITY[sdk=iphoneos*]" = "iPhone Developer";
				COPY_PHASE_STRIP = NO;
				DEBUG_INFORMATION_FORMAT = "dwarf-with-dsym";
				ENABLE_NS_ASSERTIONS = NO;
				ENABLE_STRICT_OBJC_MSGSEND = YES;
				GCC_C_LANGUAGE_STANDARD = gnu99;
				GCC_NO_COMMON_BLOCKS = YES;
				GCC_WARN_64_TO_32_BIT_CONVERSION = YES;
				GCC_WARN_ABOUT_RETURN_TYPE = YES_ERROR;
				GCC_WARN_UNDECLARED_SELECTOR = YES;
				GCC_WARN_UNINITIALIZED_AUTOS = YES_AGGRESSIVE;
				GCC_WARN_UNUSED_FUNCTION = YES;
				GCC_WARN_UNUSED_VARIABLE = YES;
				IPHONEOS_DEPLOYMENT_TARGET = 8.4;
				MTL_ENABLE_DEBUG_INFO = NO;
				SDKROOT = iphoneos;
				VALIDATE_PRODUCT = YES;
			};
			name = Release;
		};
		2D710A071B56CE2E004F0C27 /* Debug */ = {
			isa = XCBuildConfiguration;
			buildSettings = {
				ASSETCATALOG_COMPILER_APPICON_NAME = AppIcon;
				INFOPLIST_FILE = MJDownloadExample/Info.plist;
				LD_RUNPATH_SEARCH_PATHS = "$(inherited) @executable_path/Frameworks";
				PRODUCT_NAME = "$(TARGET_NAME)";
			};
			name = Debug;
		};
		2D710A081B56CE2E004F0C27 /* Release */ = {
			isa = XCBuildConfiguration;
			buildSettings = {
				ASSETCATALOG_COMPILER_APPICON_NAME = AppIcon;
				INFOPLIST_FILE = MJDownloadExample/Info.plist;
				LD_RUNPATH_SEARCH_PATHS = "$(inherited) @executable_path/Frameworks";
				PRODUCT_NAME = "$(TARGET_NAME)";
			};
			name = Release;
		};
		2D710A0A1B56CE2E004F0C27 /* Debug */ = {
			isa = XCBuildConfiguration;
			buildSettings = {
				BUNDLE_LOADER = "$(TEST_HOST)";
				FRAMEWORK_SEARCH_PATHS = (
					"$(SDKROOT)/Developer/Library/Frameworks",
					"$(inherited)",
				);
				GCC_PREPROCESSOR_DEFINITIONS = (
					"DEBUG=1",
					"$(inherited)",
				);
				INFOPLIST_FILE = MJDownloadExampleTests/Info.plist;
				LD_RUNPATH_SEARCH_PATHS = "$(inherited) @executable_path/Frameworks @loader_path/Frameworks";
				PRODUCT_NAME = "$(TARGET_NAME)";
				TEST_HOST = "$(BUILT_PRODUCTS_DIR)/MJDownloadExample.app/MJDownloadExample";
			};
			name = Debug;
		};
		2D710A0B1B56CE2E004F0C27 /* Release */ = {
			isa = XCBuildConfiguration;
			buildSettings = {
				BUNDLE_LOADER = "$(TEST_HOST)";
				FRAMEWORK_SEARCH_PATHS = (
					"$(SDKROOT)/Developer/Library/Frameworks",
					"$(inherited)",
				);
				INFOPLIST_FILE = MJDownloadExampleTests/Info.plist;
				LD_RUNPATH_SEARCH_PATHS = "$(inherited) @executable_path/Frameworks @loader_path/Frameworks";
				PRODUCT_NAME = "$(TARGET_NAME)";
				TEST_HOST = "$(BUILT_PRODUCTS_DIR)/MJDownloadExample.app/MJDownloadExample";
			};
			name = Release;
		};
/* End XCBuildConfiguration section */

/* Begin XCConfigurationList section */
		2D7109DE1B56CE2E004F0C27 /* Build configuration list for PBXProject "MJDownloadExample" */ = {
			isa = XCConfigurationList;
			buildConfigurations = (
				2D710A041B56CE2E004F0C27 /* Debug */,
				2D710A051B56CE2E004F0C27 /* Release */,
			);
			defaultConfigurationIsVisible = 0;
			defaultConfigurationName = Release;
		};
		2D710A061B56CE2E004F0C27 /* Build configuration list for PBXNativeTarget "MJDownloadExample" */ = {
			isa = XCConfigurationList;
			buildConfigurations = (
				2D710A071B56CE2E004F0C27 /* Debug */,
				2D710A081B56CE2E004F0C27 /* Release */,
			);
			defaultConfigurationIsVisible = 0;
			defaultConfigurationName = Release;
		};
		2D710A091B56CE2E004F0C27 /* Build configuration list for PBXNativeTarget "MJDownloadExampleTests" */ = {
			isa = XCConfigurationList;
			buildConfigurations = (
				2D710A0A1B56CE2E004F0C27 /* Debug */,
				2D710A0B1B56CE2E004F0C27 /* Release */,
			);
			defaultConfigurationIsVisible = 0;
			defaultConfigurationName = Release;
		};
/* End XCConfigurationList section */
	};
	rootObject = 2D7109DB1B56CE2E004F0C27 /* Project object */;
}
